
Microsoft Visual Studio Solution File, Format Version 12.00
# Visual Studio Version 17
VisualStudioVersion = 17.12.35521.163 d17.12
MinimumVisualStudioVersion = 10.0.40219.1
Project("{FAE04EC0-301F-11D3-BF4B-00C04F79EFBC}") = "AnlizadorSintactico1", "AnlizadorSintactico1\AnlizadorSintactico1.csproj", "{4672CA0E-84CD-4030-87B6-418AF796CDED}"
EndProject
Global
	GlobalSection(SolutionConfigurationPlatforms) = preSolution
		Debug|Any CPU = Debug|Any CPU
		Release|Any CPU = Release|Any CPU
	EndGlobalSection
	GlobalSection(ProjectConfigurationPlatforms) = postSolution
		{4672CA0E-84CD-4030-87B6-418AF796CDED}.Debug|Any CPU.ActiveCfg = Debug|Any CPU
		{4672CA0E-84CD-4030-87B6-418AF796CDED}.Debug|Any CPU.Build.0 = Debug|Any CPU
		{4672CA0E-84CD-4030-87B6-418AF796CDED}.Release|Any CPU.ActiveCfg = Release|Any CPU
		{4672CA0E-84CD-4030-87B6-418AF796CDED}.Release|Any CPU.Build.0 = Release|Any CPU
	EndGlobalSection
	GlobalSection(SolutionProperties) = preSolution
		HideSolutionNode = FALSE
	EndGlobalSection
EndGlobal
